// !$*UTF8*$!
{
	archiveVersion = 1;
	classes = {
	};
	objectVersion = 46;
	objects = {

/* Begin PBXBuildFile section */
		FC3BBCE21F9538F900E9E5C6 /* main.m in Sources */ = {isa = PBXBuildFile; fileRef = FC3BBCE11F9538F900E9E5C6 /* main.m */; };
		FC3BBCE51F9538F900E9E5C6 /* AppDelegate.m in Sources */ = {isa = PBXBuildFile; fileRef = FC3BBCE41F9538F900E9E5C6 /* AppDelegate.m */; };
		FC3BBCE81F9538F900E9E5C6 /* ViewController.m in Sources */ = {isa = PBXBuildFile; fileRef = FC3BBCE71F9538F900E9E5C6 /* ViewController.m */; };
		FC3BBCEB1F9538F900E9E5C6 /* Main.storyboard in Resources */ = {isa = PBXBuildFile; fileRef = FC3BBCE91F9538F900E9E5C6 /* Main.storyboard */; };
		FC3BBCED1F9538F900E9E5C6 /* Assets.xcassets in Resources */ = {isa = PBXBuildFile; fileRef = FC3BBCEC1F9538F900E9E5C6 /* Assets.xcassets */; };
		FC3BBCF01F9538F900E9E5C6 /* LaunchScreen.storyboard in Resources */ = {isa = PBXBuildFile; fileRef = FC3BBCEE1F9538F900E9E5C6 /* LaunchScreen.storyboard */; };
		FC3BBCF91F95991400E9E5C6 /* Vehicle.m in Sources */ = {isa = PBXBuildFile; fileRef = FC3BBCF81F95991400E9E5C6 /* Vehicle.m */; };
		FC3BBCFC1F95999A00E9E5C6 /* Civic.m in Sources */ = {isa = PBXBuildFile; fileRef = FC3BBCFB1F95999A00E9E5C6 /* Civic.m */; };
/* End PBXBuildFile section */

/* Begin PBXFileReference section */
		FC3BBCDD1F9538F900E9E5C6 /* L211_Dictionary.app */ = {isa = PBXFileReference; explicitFileType = wrapper.application; includeInIndex = 0; path = L211_Dictionary.app; sourceTree = BUILT_PRODUCTS_DIR; };
		FC3BBCE11F9538F900E9E5C6 /* main.m */ = {isa = PBXFileReference; lastKnownFileType = sourcecode.c.objc; path = main.m; sourceTree = "<group>"; };
		FC3BBCE31F9538F900E9E5C6 /* AppDelegate.h */ = {isa = PBXFileReference; lastKnownFileType = sourcecode.c.h; path = AppDelegate.h; sourceTree = "<group>"; };
		FC3BBCE41F9538F900E9E5C6 /* AppDelegate.m */ = {isa = PBXFileReference; lastKnownFileType = sourcecode.c.objc; path = AppDelegate.m; sourceTree = "<group>"; };
		FC3BBCE61F9538F900E9E5C6 /* ViewController.h */ = {isa = PBXFileReference; lastKnownFileType = sourcecode.c.h; path = ViewController.h; sourceTree = "<group>"; };
		FC3BBCE71F9538F900E9E5C6 /* ViewController.m */ = {isa = PBXFileReference; lastKnownFileType = sourcecode.c.objc; path = ViewController.m; sourceTree = "<group>"; };
		FC3BBCEA1F9538F900E9E5C6 /* Base */ = {isa = PBXFileReference; lastKnownFileType = file.storyboard; name = Base; path = Base.lproj/Main.storyboard; sourceTree = "<group>"; };
		FC3BBCEC1F9538F900E9E5C6 /* Assets.xcassets */ = {isa = PBXFileReference; lastKnownFileType = folder.assetcatalog; path = Assets.xcassets; sourceTree = "<group>"; };
		FC3BBCEF1F9538F900E9E5C6 /* Base */ = {isa = PBXFileReference; lastKnownFileType = file.storyboard; name = Base; path = Base.lproj/LaunchScreen.storyboard; sourceTree = "<group>"; };
		FC3BBCF11F9538F900E9E5C6 /* Info.plist */ = {isa = PBXFileReference; lastKnownFileType = text.plist.xml; path = Info.plist; sourceTree = "<group>"; };
		FC3BBCF71F95991400E9E5C6 /* Vehicle.h */ = {isa = PBXFileReference; fileEncoding = 4; lastKnownFileType = sourcecode.c.h; path = Vehicle.h; sourceTree = "<group>"; };
		FC3BBCF81F95991400E9E5C6 /* Vehicle.m */ = {isa = PBXFileReference; fileEncoding = 4; lastKnownFileType = sourcecode.c.objc; path = Vehicle.m; sourceTree = "<group>"; };
		FC3BBCFA1F95999A00E9E5C6 /* Civic.h */ = {isa = PBXFileReference; fileEncoding = 4; lastKnownFileType = sourcecode.c.h; path = Civic.h; sourceTree = "<group>"; };
		FC3BBCFB1F95999A00E9E5C6 /* Civic.m */ = {isa = PBXFileReference; fileEncoding = 4; lastKnownFileType = sourcecode.c.objc; path = Civic.m; sourceTree = "<group>"; };
/* End PBXFileReference section */

/* Begin PBXFrameworksBuildPhase section */
		FC3BBCDA1F9538F900E9E5C6 /* Frameworks */ = {
			isa = PBXFrameworksBuildPhase;
			buildActionMask = 2147483647;
			files = (
			);
			runOnlyForDeploymentPostprocessing = 0;
		};
/* End PBXFrameworksBuildPhase section */

/* Begin PBXGroup section */
		FC3BBCD41F9538F900E9E5C6 = {
			isa = PBXGroup;
			children = (
				FC3BBCDF1F9538F900E9E5C6 /* L211_Dictionary */,
				FC3BBCDE1F9538F900E9E5C6 /* Products */,
			);
			sourceTree = "<group>";
		};
		FC3BBCDE1F9538F900E9E5C6 /* Products */ = {
			isa = PBXGroup;
			children = (
				FC3BBCDD1F9538F900E9E5C6 /* L211_Dictionary.app */,
			);
			name = Products;
			sourceTree = "<group>";
		};
		FC3BBCDF1F9538F900E9E5C6 /* L211_Dictionary */ = {
			isa = PBXGroup;
			children = (
				FC3BBCE31F9538F900E9E5C6 /* AppDelegate.h */,
				FC3BBCE41F9538F900E9E5C6 /* AppDelegate.m */,
				FC3BBCE61F9538F900E9E5C6 /* ViewController.h */,
				FC3BBCE71F9538F900E9E5C6 /* ViewController.m */,
				FC3BBCE91F9538F900E9E5C6 /* Main.storyboard */,
				FC3BBCEC1F9538F900E9E5C6 /* Assets.xcassets */,
				FC3BBCEE1F9538F900E9E5C6 /* LaunchScreen.storyboard */,
				FC3BBCF11F9538F900E9E5C6 /* Info.plist */,
				FC3BBCE01F9538F900E9E5C6 /* Supporting Files */,
				FC3BBCF71F95991400E9E5C6 /* Vehicle.h */,
				FC3BBCF81F95991400E9E5C6 /* Vehicle.m */,
				FC3BBCFA1F95999A00E9E5C6 /* Civic.h */,
				FC3BBCFB1F95999A00E9E5C6 /* Civic.m */,
			);
			path = L211_Dictionary;
			sourceTree = "<group>";
		};
		FC3BBCE01F9538F900E9E5C6 /* Supporting Files */ = {
			isa = PBXGroup;
			children = (
				FC3BBCE11F9538F900E9E5C6 /* main.m */,
			);
			name = "Supporting Files";
			sourceTree = "<group>";
		};
/* End PBXGroup section */

/* Begin PBXNativeTarget section */
		FC3BBCDC1F9538F900E9E5C6 /* L211_Dictionary */ = {
			isa = PBXNativeTarget;
			buildConfigurationList = FC3BBCF41F9538F900E9E5C6 /* Build configuration list for PBXNativeTarget "L211_Dictionary" */;
			buildPhases = (
				FC3BBCD91F9538F900E9E5C6 /* Sources */,
				FC3BBCDA1F9538F900E9E5C6 /* Frameworks */,
				FC3BBCDB1F9538F900E9E5C6 /* Resources */,
			);
			buildRules = (
			);
			dependencies = (
			);
			name = L211_Dictionary;
			productName = L211_Dictionary;
			productReference = FC3BBCDD1F9538F900E9E5C6 /* L211_Dictionary.app */;
			productType = "com.apple.product-type.application";
		};
/* End PBXNativeTarget section */

/* Begin PBXProject section */
		FC3BBCD51F9538F900E9E5C6 /* Project object */ = {
			isa = PBXProject;
			attributes = {
				LastUpgradeCheck = 0830;
				ORGANIZATIONNAME = Udemy;
				TargetAttributes = {
					FC3BBCDC1F9538F900E9E5C6 = {
						CreatedOnToolsVersion = 8.3.3;
						DevelopmentTeam = 6WESCS98BF;
						ProvisioningStyle = Automatic;
					};
				};
			};
			buildConfigurationList = FC3BBCD81F9538F900E9E5C6 /* Build configuration list for PBXProject "L211_Dictionary" */;
			compatibilityVersion = "Xcode 3.2";
			developmentRegion = English;
			hasScannedForEncodings = 0;
			knownRegions = (
				en,
				Base,
			);
			mainGroup = FC3BBCD41F9538F900E9E5C6;
			productRefGroup = FC3BBCDE1F9538F900E9E5C6 /* Products */;
			projectDirPath = "";
			projectRoot = "";
			targets = (
				FC3BBCDC1F9538F900E9E5C6 /* L211_Dictionary */,
			);
		};
/* End PBXProject section */

/* Begin PBXResourcesBuildPhase section */
		FC3BBCDB1F9538F900E9E5C6 /* Resources */ = {
			isa = PBXResourcesBuildPhase;
			buildActionMask = 2147483647;
			files = (
				FC3BBCF01F9538F900E9E5C6 /* LaunchScreen.storyboard in Resources */,
				FC3BBCED1F9538F900E9E5C6 /* Assets.xcassets in Resources */,
				FC3BBCEB1F9538F900E9E5C6 /* Main.storyboard in Resources */,
			);
			runOnlyForDeploymentPostprocessing = 0;
		};
/* End PBXResourcesBuildPhase section */

/* Begin PBXSourcesBuildPhase section */
		FC3BBCD91F9538F900E9E5C6 /* Sources */ = {
			isa = PBXSourcesBuildPhase;
			buildActionMask = 2147483647;
			files = (
				FC3BBCF91F95991400E9E5C6 /* Vehicle.m in Sources */,
				FC3BBCE81F9538F900E9E5C6 /* ViewController.m in Sources */,
				FC3BBCFC1F95999A00E9E5C6 /* Civic.m in Sources */,
				FC3BBCE51F9538F900E9E5C6 /* AppDelegate.m in Sources */,
				FC3BBCE21F9538F900E9E5C6 /* main.m in Sources */,
			);
			runOnlyForDeploymentPostprocessing = 0;
		};
/* End PBXSourcesBuildPhase section */

/* Begin PBXVariantGroup section */
		FC3BBCE91F9538F900E9E5C6 /* Main.storyboard */ = {
			isa = PBXVariantGroup;
			children = (
				FC3BBCEA1F9538F900E9E5C6 /* Base */,
			);
			name = Main.storyboard;
			sourceTree = "<group>";
		};
		FC3BBCEE1F9538F900E9E5C6 /* LaunchScreen.storyboard */ = {
			isa = PBXVariantGroup;
			children = (
				FC3BBCEF1F9538F900E9E5C6 /* Base */,
			);
			name = LaunchScreen.storyboard;
			sourceTree = "<group>";
		};
/* End PBXVariantGroup section */

/* Begin XCBuildConfiguration section */
		FC3BBCF21F9538F900E9E5C6 /* Debug */ = {
			isa = XCBuildConfiguration;
			buildSettings = {
				ALWAYS_SEARCH_USER_PATHS = NO;
				CLANG_ANALYZER_NONNULL = YES;
				CLANG_ANALYZER_NUMBER_OBJECT_CONVERSION = YES_AGGRESSIVE;
				CLANG_CXX_LANGUAGE_STANDARD = "gnu++0x";
				CLANG_CXX_LIBRARY = "libc++";
				CLANG_ENABLE_MODULES = YES;
				CLANG_ENABLE_OBJC_ARC = YES;
				CLANG_WARN_BOOL_CONVERSION = YES;
				CLANG_WARN_CONSTANT_CONVERSION = YES;
				CLANG_WARN_DIRECT_OBJC_ISA_USAGE = YES_ERROR;
				CLANG_WARN_DOCUMENTATION_COMMENTS = YES;
				CLANG_WARN_EMPTY_BODY = YES;
				CLANG_WARN_ENUM_CONVERSION = YES;
				CLANG_WARN_INFINITE_RECURSION = YES;
				CLANG_WARN_INT_CONVERSION = YES;
				CLANG_WARN_OBJC_ROOT_CLASS = YES_ERROR;
				CLANG_WARN_SUSPICIOUS_MOVE = YES;
				CLANG_WARN_UNREACHABLE_CODE = YES;
				CLANG_WARN__DUPLICATE_METHOD_MATCH = YES;
				"CODE_SIGN_IDENTITY[sdk=iphoneos*]" = "iPhone Developer";
				COPY_PHASE_STRIP = NO;
				DEBUG_INFORMATION_FORMAT = dwarf;
				ENABLE_STRICT_OBJC_MSGSEND = YES;
				ENABLE_TESTABILITY = YES;
				GCC_C_LANGUAGE_STANDARD = gnu99;
				GCC_DYNAMIC_NO_PIC = NO;
				GCC_NO_COMMON_BLOCKS = YES;
				GCC_OPTIMIZATION_LEVEL = 0;
				GCC_PREPROCESSOR_DEFINITIONS = (
					"DEBUG=1",
					"$(inherited)",
				);
				GCC_WARN_64_TO_32_BIT_CONVERSION = YES;
				GCC_WARN_ABOUT_RETURN_TYPE = YES_ERROR;
				GCC_WARN_UNDECLARED_SELECTOR = YES;
				GCC_WARN_UNINITIALIZED_AUTOS = YES_AGGRESSIVE;
				GCC_WARN_UNUSED_FUNCTION = YES;
				GCC_WARN_UNUSED_VARIABLE = YES;
				IPHONEOS_DEPLOYMENT_TARGET = 10.3;
				MTL_ENABLE_DEBUG_INFO = YES;
				ONLY_ACTIVE_ARCH = YES;
				SDKROOT = iphoneos;
				TARGETED_DEVICE_FAMILY = "1,2";
			};
			name = Debug;
		};
		FC3BBCF31F9538F900E9E5C6 /* Release */ = {
			isa = XCBuildConfiguration;
			buildSettings = {
				ALWAYS_SEARCH_USER_PATHS = NO;
				CLANG_ANALYZER_NONNULL = YES;
				CLANG_ANALYZER_NUMBER_OBJECT_CONVERSION = YES_AGGRESSIVE;
				CLANG_CXX_LANGUAGE_STANDARD = "gnu++0x";
				CLANG_CXX_LIBRARY = "libc++";
				CLANG_ENABLE_MODULES = YES;
				CLANG_ENABLE_OBJC_ARC = YES;
				CLANG_WARN_BOOL_CONVERSION = YES;
				CLANG_WARN_CONSTANT_CONVERSION = YES;
				CLANG_WARN_DIRECT_OBJC_ISA_USAGE = YES_ERROR;
				CLANG_WARN_DOCUMENTATION_COMMENTS = YES;
				CLANG_WARN_EMPTY_BODY = YES;
				CLANG_WARN_ENUM_CONVERSION = YES;
				CLANG_WARN_INFINITE_RECURSION = YES;
				CLANG_WARN_INT_CONVERSION = YES;
				CLANG_WARN_OBJC_ROOT_CLASS = YES_ERROR;
				CLANG_WARN_SUSPICIOUS_MOVE = YES;
				CLANG_WARN_UNREACHABLE_CODE = YES;
				CLANG_WARN__DUPLICATE_METHOD_MATCH = YES;
				"CODE_SIGN_IDENTITY[sdk=iphoneos*]" = "iPhone Developer";
				COPY_PHASE_STRIP = NO;
				DEBUG_INFORMATION_FORMAT = "dwarf-with-dsym";
				ENABLE_NS_ASSERTIONS = NO;
				ENABLE_STRICT_OBJC_MSGSEND = YES;
				GCC_C_LANGUAGE_STANDARD = gnu99;
				GCC_NO_COMMON_BLOCKS = YES;
				GCC_WARN_64_TO_32_BIT_CONVERSION = YES;
				GCC_WARN_ABOUT_RETURN_TYPE = YES_ERROR;
				GCC_WARN_UNDECLARED_SELECTOR = YES;
				GCC_WARN_UNINITIALIZED_AUTOS = YES_AGGRESSIVE;
				GCC_WARN_UNUSED_FUNCTION = YES;
				GCC_WARN_UNUSED_VARIABLE = YES;
				IPHONEOS_DEPLOYMENT_TARGET = 10.3;
				MTL_ENABLE_DEBUG_INFO = NO;
				SDKROOT = iphoneos;
				TARGETED_DEVICE_FAMILY = "1,2";
				VALIDATE_PRODUCT = YES;
			};
			name = Release;
		};
		FC3BBCF51F9538F900E9E5C6 /* Debug */ = {
			isa = XCBuildConfiguration;
			buildSettings = {
				ASSETCATALOG_COMPILER_APPICON_NAME = AppIcon;
				DEVELOPMENT_TEAM = 6WESCS98BF;
				INFOPLIST_FILE = L211_Dictionary/Info.plist;
				LD_RUNPATH_SEARCH_PATHS = "$(inherited) @executable_path/Frameworks";
				PRODUCT_BUNDLE_IDENTIFIER = "com.muge.L211-Dictionary";
				PRODUCT_NAME = "$(TARGET_NAME)";
			};
			name = Debug;
		};
		FC3BBCF61F9538F900E9E5C6 /* Release */ = {
			isa = XCBuildConfiguration;
			buildSettings = {
				ASSETCATALOG_COMPILER_APPICON_NAME = AppIcon;
				DEVELOPMENT_TEAM = 6WESCS98BF;
				INFOPLIST_FILE = L211_Dictionary/Info.plist;
				LD_RUNPATH_SEARCH_PATHS = "$(inherited) @executable_path/Frameworks";
				PRODUCT_BUNDLE_IDENTIFIER = "com.muge.L211-Dictionary";
				PRODUCT_NAME = "$(TARGET_NAME)";
			};
			name = Release;
		};
/* End XCBuildConfiguration section */

/* Begin XCConfigurationList section */
		FC3BBCD81F9538F900E9E5C6 /* Build configuration list for PBXProject "L211_Dictionary" */ = {
			isa = XCConfigurationList;
			buildConfigurations = (
				FC3BBCF21F9538F900E9E5C6 /* Debug */,
				FC3BBCF31F9538F900E9E5C6 /* Release */,
			);
			defaultConfigurationIsVisible = 0;
			defaultConfigurationName = Release;
		};
		FC3BBCF41F9538F900E9E5C6 /* Build configuration list for PBXNativeTarget "L211_Dictionary" */ = {
			isa = XCConfigurationList;
			buildConfigurations = (
				FC3BBCF51F9538F900E9E5C6 /* Debug */,
				FC3BBCF61F9538F900E9E5C6 /* Release */,
			);
			defaultConfigurationIsVisible = 0;
		};
/* End XCConfigurationList section */
	};
	rootObject = FC3BBCD51F9538F900E9E5C6 /* Project object */;
}
